// !$*UTF8*$!
{
	archiveVersion = 1;
	classes = {
	};
	objectVersion = 50;
	objects = {

/* Begin PBXBuildFile section */
		843425B7262E82D900F76174 /* AppDelegate.swift in Sources */ = {isa = PBXBuildFile; fileRef = 843425B6262E82D900F76174 /* AppDelegate.swift */; };
		843425B9262E82D900F76174 /* SceneDelegate.swift in Sources */ = {isa = PBXBuildFile; fileRef = 843425B8262E82D900F76174 /* SceneDelegate.swift */; };
		843425C0262E82DD00F76174 /* Assets.xcassets in Resources */ = {isa = PBXBuildFile; fileRef = 843425BF262E82DD00F76174 /* Assets.xcassets */; };
		843425C3262E82DD00F76174 /* LaunchScreen.storyboard in Resources */ = {isa = PBXBuildFile; fileRef = 843425C1262E82DD00F76174 /* LaunchScreen.storyboard */; };
		843425D1262E894C00F76174 /* HomeView.storyboard in Resources */ = {isa = PBXBuildFile; fileRef = 843425D0262E894C00F76174 /* HomeView.storyboard */; };
		843425D4262E895E00F76174 /* HomeViewController.swift in Sources */ = {isa = PBXBuildFile; fileRef = 843425D3262E895E00F76174 /* HomeViewController.swift */; };
		843425D7262E897B00F76174 /* HomeViewModel.swift in Sources */ = {isa = PBXBuildFile; fileRef = 843425D6262E897B00F76174 /* HomeViewModel.swift */; };
		84D47C0D262EAEF400D69073 /* MovieTableViewCell.swift in Sources */ = {isa = PBXBuildFile; fileRef = 84D47C0B262EAEF400D69073 /* MovieTableViewCell.swift */; };
		84D47C0E262EAEF400D69073 /* MovieTableViewCell.xib in Resources */ = {isa = PBXBuildFile; fileRef = 84D47C0C262EAEF400D69073 /* MovieTableViewCell.xib */; };
		84D47C12262EB86D00D69073 /* Movie.swift in Sources */ = {isa = PBXBuildFile; fileRef = 84D47C11262EB86D00D69073 /* Movie.swift */; };
		84D47C15262EBE8800D69073 /* MoviePage.swift in Sources */ = {isa = PBXBuildFile; fileRef = 84D47C14262EBE8800D69073 /* MoviePage.swift */; };
		84D47C1C262ED7CE00D69073 /* UIImageView+LoadFromURL.swift in Sources */ = {isa = PBXBuildFile; fileRef = 84D47C1B262ED7CE00D69073 /* UIImageView+LoadFromURL.swift */; };
/* End PBXBuildFile section */

/* Begin PBXFileReference section */
		843425B3262E82D900F76174 /* W6-Project1-Gumi.app */ = {isa = PBXFileReference; explicitFileType = wrapper.application; includeInIndex = 0; path = "W6-Project1-Gumi.app"; sourceTree = BUILT_PRODUCTS_DIR; };
		843425B6262E82D900F76174 /* AppDelegate.swift */ = {isa = PBXFileReference; lastKnownFileType = sourcecode.swift; path = AppDelegate.swift; sourceTree = "<group>"; };
		843425B8262E82D900F76174 /* SceneDelegate.swift */ = {isa = PBXFileReference; lastKnownFileType = sourcecode.swift; path = SceneDelegate.swift; sourceTree = "<group>"; };
		843425BF262E82DD00F76174 /* Assets.xcassets */ = {isa = PBXFileReference; lastKnownFileType = folder.assetcatalog; path = Assets.xcassets; sourceTree = "<group>"; };
		843425C2262E82DD00F76174 /* Base */ = {isa = PBXFileReference; lastKnownFileType = file.storyboard; name = Base; path = Base.lproj/LaunchScreen.storyboard; sourceTree = "<group>"; };
		843425C4262E82DD00F76174 /* Info.plist */ = {isa = PBXFileReference; lastKnownFileType = text.plist.xml; path = Info.plist; sourceTree = "<group>"; };
		843425D0262E894C00F76174 /* HomeView.storyboard */ = {isa = PBXFileReference; lastKnownFileType = file.storyboard; path = HomeView.storyboard; sourceTree = "<group>"; };
		843425D3262E895E00F76174 /* HomeViewController.swift */ = {isa = PBXFileReference; lastKnownFileType = sourcecode.swift; path = HomeViewController.swift; sourceTree = "<group>"; };
		843425D6262E897B00F76174 /* HomeViewModel.swift */ = {isa = PBXFileReference; lastKnownFileType = sourcecode.swift; path = HomeViewModel.swift; sourceTree = "<group>"; };
		84D47C0B262EAEF400D69073 /* MovieTableViewCell.swift */ = {isa = PBXFileReference; lastKnownFileType = sourcecode.swift; path = MovieTableViewCell.swift; sourceTree = "<group>"; };
		84D47C0C262EAEF400D69073 /* MovieTableViewCell.xib */ = {isa = PBXFileReference; lastKnownFileType = file.xib; path = MovieTableViewCell.xib; sourceTree = "<group>"; };
		84D47C11262EB86D00D69073 /* Movie.swift */ = {isa = PBXFileReference; lastKnownFileType = sourcecode.swift; path = Movie.swift; sourceTree = "<group>"; };
		84D47C14262EBE8800D69073 /* MoviePage.swift */ = {isa = PBXFileReference; lastKnownFileType = sourcecode.swift; path = MoviePage.swift; sourceTree = "<group>"; };
		84D47C1B262ED7CE00D69073 /* UIImageView+LoadFromURL.swift */ = {isa = PBXFileReference; lastKnownFileType = sourcecode.swift; path = "UIImageView+LoadFromURL.swift"; sourceTree = "<group>"; };
/* End PBXFileReference section */

/* Begin PBXFrameworksBuildPhase section */
		843425B0262E82D900F76174 /* Frameworks */ = {
			isa = PBXFrameworksBuildPhase;
			buildActionMask = 2147483647;
			files = (
			);
			runOnlyForDeploymentPostprocessing = 0;
		};
/* End PBXFrameworksBuildPhase section */

/* Begin PBXGroup section */
		843425AA262E82D900F76174 = {
			isa = PBXGroup;
			children = (
				843425B5262E82D900F76174 /* W6-Project1-Gumi */,
				843425B4262E82D900F76174 /* Products */,
			);
			sourceTree = "<group>";
		};
		843425B4262E82D900F76174 /* Products */ = {
			isa = PBXGroup;
			children = (
				843425B3262E82D900F76174 /* W6-Project1-Gumi.app */,
			);
			name = Products;
			sourceTree = "<group>";
		};
		843425B5262E82D900F76174 /* W6-Project1-Gumi */ = {
			isa = PBXGroup;
			children = (
				843425CE262E892300F76174 /* Extension */,
				843425CD262E891D00F76174 /* UI */,
				843425CC262E891800F76174 /* Data */,
				843425B6262E82D900F76174 /* AppDelegate.swift */,
				843425B8262E82D900F76174 /* SceneDelegate.swift */,
				843425BF262E82DD00F76174 /* Assets.xcassets */,
				843425C1262E82DD00F76174 /* LaunchScreen.storyboard */,
				843425C4262E82DD00F76174 /* Info.plist */,
			);
			path = "W6-Project1-Gumi";
			sourceTree = "<group>";
		};
		843425CC262E891800F76174 /* Data */ = {
			isa = PBXGroup;
			children = (
				84D47C11262EB86D00D69073 /* Movie.swift */,
				84D47C14262EBE8800D69073 /* MoviePage.swift */,
			);
			path = Data;
			sourceTree = "<group>";
		};
		843425CD262E891D00F76174 /* UI */ = {
			isa = PBXGroup;
			children = (
				843425CF262E893600F76174 /* HomeView */,
			);
			path = UI;
			sourceTree = "<group>";
		};
		843425CE262E892300F76174 /* Extension */ = {
			isa = PBXGroup;
			children = (
				84D47C1B262ED7CE00D69073 /* UIImageView+LoadFromURL.swift */,
			);
			path = Extension;
			sourceTree = "<group>";
		};
		843425CF262E893600F76174 /* HomeView */ = {
			isa = PBXGroup;
			children = (
				84D47C0A262EAEC300D69073 /* Parts */,
				843425D0262E894C00F76174 /* HomeView.storyboard */,
				843425D3262E895E00F76174 /* HomeViewController.swift */,
				843425D6262E897B00F76174 /* HomeViewModel.swift */,
			);
			path = HomeView;
			sourceTree = "<group>";
		};
		84D47C0A262EAEC300D69073 /* Parts */ = {
			isa = PBXGroup;
			children = (
				84D47C0B262EAEF400D69073 /* MovieTableViewCell.swift */,
				84D47C0C262EAEF400D69073 /* MovieTableViewCell.xib */,
			);
			path = Parts;
			sourceTree = "<group>";
		};
/* End PBXGroup section */

/* Begin PBXNativeTarget section */
		843425B2262E82D900F76174 /* W6-Project1-Gumi */ = {
			isa = PBXNativeTarget;
			buildConfigurationList = 843425C7262E82DD00F76174 /* Build configuration list for PBXNativeTarget "W6-Project1-Gumi" */;
			buildPhases = (
				843425AF262E82D900F76174 /* Sources */,
				843425B0262E82D900F76174 /* Frameworks */,
				843425B1262E82D900F76174 /* Resources */,
			);
			buildRules = (
			);
			dependencies = (
			);
			name = "W6-Project1-Gumi";
			productName = "W6-Project1-Gumi";
			productReference = 843425B3262E82D900F76174 /* W6-Project1-Gumi.app */;
			productType = "com.apple.product-type.application";
		};
/* End PBXNativeTarget section */

/* Begin PBXProject section */
		843425AB262E82D900F76174 /* Project object */ = {
			isa = PBXProject;
			attributes = {
				LastSwiftUpdateCheck = 1240;
				LastUpgradeCheck = 1240;
				TargetAttributes = {
					843425B2262E82D900F76174 = {
						CreatedOnToolsVersion = 12.4;
					};
				};
			};
			buildConfigurationList = 843425AE262E82D900F76174 /* Build configuration list for PBXProject "W6-Project1-Gumi" */;
			compatibilityVersion = "Xcode 9.3";
			developmentRegion = en;
			hasScannedForEncodings = 0;
			knownRegions = (
				en,
				Base,
			);
			mainGroup = 843425AA262E82D900F76174;
			productRefGroup = 843425B4262E82D900F76174 /* Products */;
			projectDirPath = "";
			projectRoot = "";
			targets = (
				843425B2262E82D900F76174 /* W6-Project1-Gumi */,
			);
		};
/* End PBXProject section */

/* Begin PBXResourcesBuildPhase section */
		843425B1262E82D900F76174 /* Resources */ = {
			isa = PBXResourcesBuildPhase;
			buildActionMask = 2147483647;
			files = (
				843425C3262E82DD00F76174 /* LaunchScreen.storyboard in Resources */,
				843425C0262E82DD00F76174 /* Assets.xcassets in Resources */,
				84D47C0E262EAEF400D69073 /* MovieTableViewCell.xib in Resources */,
				843425D1262E894C00F76174 /* HomeView.storyboard in Resources */,
			);
			runOnlyForDeploymentPostprocessing = 0;
		};
/* End PBXResourcesBuildPhase section */

/* Begin PBXSourcesBuildPhase section */
		843425AF262E82D900F76174 /* Sources */ = {
			isa = PBXSourcesBuildPhase;
			buildActionMask = 2147483647;
			files = (
				84D47C0D262EAEF400D69073 /* MovieTableViewCell.swift in Sources */,
				843425B7262E82D900F76174 /* AppDelegate.swift in Sources */,
				84D47C15262EBE8800D69073 /* MoviePage.swift in Sources */,
				84D47C12262EB86D00D69073 /* Movie.swift in Sources */,
				843425B9262E82D900F76174 /* SceneDelegate.swift in Sources */,
				843425D7262E897B00F76174 /* HomeViewModel.swift in Sources */,
				84D47C1C262ED7CE00D69073 /* UIImageView+LoadFromURL.swift in Sources */,
				843425D4262E895E00F76174 /* HomeViewController.swift in Sources */,
			);
			runOnlyForDeploymentPostprocessing = 0;
		};
/* End PBXSourcesBuildPhase section */

/* Begin PBXVariantGroup section */
		843425C1262E82DD00F76174 /* LaunchScreen.storyboard */ = {
			isa = PBXVariantGroup;
			children = (
				843425C2262E82DD00F76174 /* Base */,
			);
			name = LaunchScreen.storyboard;
			sourceTree = "<group>";
		};
/* End PBXVariantGroup section */

/* Begin XCBuildConfiguration section */
		843425C5262E82DD00F76174 /* Debug */ = {
			isa = XCBuildConfiguration;
			buildSettings = {
				ALWAYS_SEARCH_USER_PATHS = NO;
				CLANG_ANALYZER_NONNULL = YES;
				CLANG_ANALYZER_NUMBER_OBJECT_CONVERSION = YES_AGGRESSIVE;
				CLANG_CXX_LANGUAGE_STANDARD = "gnu++14";
				CLANG_CXX_LIBRARY = "libc++";
				CLANG_ENABLE_MODULES = YES;
				CLANG_ENABLE_OBJC_ARC = YES;
				CLANG_ENABLE_OBJC_WEAK = YES;
				CLANG_WARN_BLOCK_CAPTURE_AUTORELEASING = YES;
				CLANG_WARN_BOOL_CONVERSION = YES;
				CLANG_WARN_COMMA = YES;
				CLANG_WARN_CONSTANT_CONVERSION = YES;
				CLANG_WARN_DEPRECATED_OBJC_IMPLEMENTATIONS = YES;
				CLANG_WARN_DIRECT_OBJC_ISA_USAGE = YES_ERROR;
				CLANG_WARN_DOCUMENTATION_COMMENTS = YES;
				CLANG_WARN_EMPTY_BODY = YES;
				CLANG_WARN_ENUM_CONVERSION = YES;
				CLANG_WARN_INFINITE_RECURSION = YES;
				CLANG_WARN_INT_CONVERSION = YES;
				CLANG_WARN_NON_LITERAL_NULL_CONVERSION = YES;
				CLANG_WARN_OBJC_IMPLICIT_RETAIN_SELF = YES;
				CLANG_WARN_OBJC_LITERAL_CONVERSION = YES;
				CLANG_WARN_OBJC_ROOT_CLASS = YES_ERROR;
				CLANG_WARN_QUOTED_INCLUDE_IN_FRAMEWORK_HEADER = YES;
				CLANG_WARN_RANGE_LOOP_ANALYSIS = YES;
				CLANG_WARN_STRICT_PROTOTYPES = YES;
				CLANG_WARN_SUSPICIOUS_MOVE = YES;
				CLANG_WARN_UNGUARDED_AVAILABILITY = YES_AGGRESSIVE;
				CLANG_WARN_UNREACHABLE_CODE = YES;
				CLANG_WARN__DUPLICATE_METHOD_MATCH = YES;
				COPY_PHASE_STRIP = NO;
				DEBUG_INFORMATION_FORMAT = dwarf;
				ENABLE_STRICT_OBJC_MSGSEND = YES;
				ENABLE_TESTABILITY = YES;
				GCC_C_LANGUAGE_STANDARD = gnu11;
				GCC_DYNAMIC_NO_PIC = NO;
				GCC_NO_COMMON_BLOCKS = YES;
				GCC_OPTIMIZATION_LEVEL = 0;
				GCC_PREPROCESSOR_DEFINITIONS = (
					"DEBUG=1",
					"$(inherited)",
				);
				GCC_WARN_64_TO_32_BIT_CONVERSION = YES;
				GCC_WARN_ABOUT_RETURN_TYPE = YES_ERROR;
				GCC_WARN_UNDECLARED_SELECTOR = YES;
				GCC_WARN_UNINITIALIZED_AUTOS = YES_AGGRESSIVE;
				GCC_WARN_UNUSED_FUNCTION = YES;
				GCC_WARN_UNUSED_VARIABLE = YES;
				IPHONEOS_DEPLOYMENT_TARGET = 14.4;
				MTL_ENABLE_DEBUG_INFO = INCLUDE_SOURCE;
				MTL_FAST_MATH = YES;
				ONLY_ACTIVE_ARCH = YES;
				SDKROOT = iphoneos;
				SWIFT_ACTIVE_COMPILATION_CONDITIONS = DEBUG;
				SWIFT_OPTIMIZATION_LEVEL = "-Onone";
			};
			name = Debug;
		};
		843425C6262E82DD00F76174 /* Release */ = {
			isa = XCBuildConfiguration;
			buildSettings = {
				ALWAYS_SEARCH_USER_PATHS = NO;
				CLANG_ANALYZER_NONNULL = YES;
				CLANG_ANALYZER_NUMBER_OBJECT_CONVERSION = YES_AGGRESSIVE;
				CLANG_CXX_LANGUAGE_STANDARD = "gnu++14";
				CLANG_CXX_LIBRARY = "libc++";
				CLANG_ENABLE_MODULES = YES;
				CLANG_ENABLE_OBJC_ARC = YES;
				CLANG_ENABLE_OBJC_WEAK = YES;
				CLANG_WARN_BLOCK_CAPTURE_AUTORELEASING = YES;
				CLANG_WARN_BOOL_CONVERSION = YES;
				CLANG_WARN_COMMA = YES;
				CLANG_WARN_CONSTANT_CONVERSION = YES;
				CLANG_WARN_DEPRECATED_OBJC_IMPLEMENTATIONS = YES;
				CLANG_WARN_DIRECT_OBJC_ISA_USAGE = YES_ERROR;
				CLANG_WARN_DOCUMENTATION_COMMENTS = YES;
				CLANG_WARN_EMPTY_BODY = YES;
				CLANG_WARN_ENUM_CONVERSION = YES;
				CLANG_WARN_INFINITE_RECURSION = YES;
				CLANG_WARN_INT_CONVERSION = YES;
				CLANG_WARN_NON_LITERAL_NULL_CONVERSION = YES;
				CLANG_WARN_OBJC_IMPLICIT_RETAIN_SELF = YES;
				CLANG_WARN_OBJC_LITERAL_CONVERSION = YES;
				CLANG_WARN_OBJC_ROOT_CLASS = YES_ERROR;
				CLANG_WARN_QUOTED_INCLUDE_IN_FRAMEWORK_HEADER = YES;
				CLANG_WARN_RANGE_LOOP_ANALYSIS = YES;
				CLANG_WARN_STRICT_PROTOTYPES = YES;
				CLANG_WARN_SUSPICIOUS_MOVE = YES;
				CLANG_WARN_UNGUARDED_AVAILABILITY = YES_AGGRESSIVE;
				CLANG_WARN_UNREACHABLE_CODE = YES;
				CLANG_WARN__DUPLICATE_METHOD_MATCH = YES;
				COPY_PHASE_STRIP = NO;
				DEBUG_INFORMATION_FORMAT = "dwarf-with-dsym";
				ENABLE_NS_ASSERTIONS = NO;
				ENABLE_STRICT_OBJC_MSGSEND = YES;
				GCC_C_LANGUAGE_STANDARD = gnu11;
				GCC_NO_COMMON_BLOCKS = YES;
				GCC_WARN_64_TO_32_BIT_CONVERSION = YES;
				GCC_WARN_ABOUT_RETURN_TYPE = YES_ERROR;
				GCC_WARN_UNDECLARED_SELECTOR = YES;
				GCC_WARN_UNINITIALIZED_AUTOS = YES_AGGRESSIVE;
				GCC_WARN_UNUSED_FUNCTION = YES;
				GCC_WARN_UNUSED_VARIABLE = YES;
				IPHONEOS_DEPLOYMENT_TARGET = 14.4;
				MTL_ENABLE_DEBUG_INFO = NO;
				MTL_FAST_MATH = YES;
				SDKROOT = iphoneos;
				SWIFT_COMPILATION_MODE = wholemodule;
				SWIFT_OPTIMIZATION_LEVEL = "-O";
				VALIDATE_PRODUCT = YES;
			};
			name = Release;
		};
		843425C8262E82DD00F76174 /* Debug */ = {
			isa = XCBuildConfiguration;
			buildSettings = {
				ASSETCATALOG_COMPILER_APPICON_NAME = AppIcon;
				ASSETCATALOG_COMPILER_GLOBAL_ACCENT_COLOR_NAME = AccentColor;
				CODE_SIGN_STYLE = Automatic;
				DEVELOPMENT_TEAM = L7FP62JQUP;
				INFOPLIST_FILE = "W6-Project1-Gumi/Info.plist";
				IPHONEOS_DEPLOYMENT_TARGET = 13.0;
				LD_RUNPATH_SEARCH_PATHS = (
					"$(inherited)",
					"@executable_path/Frameworks",
				);
				PRODUCT_BUNDLE_IDENTIFIER = "thanhnguyen.W6-Project1-Gumi";
				PRODUCT_NAME = "$(TARGET_NAME)";
				SWIFT_VERSION = 5.0;
				TARGETED_DEVICE_FAMILY = "1,2";
			};
			name = Debug;
		};
		843425C9262E82DD00F76174 /* Release */ = {
			isa = XCBuildConfiguration;
			buildSettings = {
				ASSETCATALOG_COMPILER_APPICON_NAME = AppIcon;
				ASSETCATALOG_COMPILER_GLOBAL_ACCENT_COLOR_NAME = AccentColor;
				CODE_SIGN_STYLE = Automatic;
				DEVELOPMENT_TEAM = L7FP62JQUP;
				INFOPLIST_FILE = "W6-Project1-Gumi/Info.plist";
				IPHONEOS_DEPLOYMENT_TARGET = 13.0;
				LD_RUNPATH_SEARCH_PATHS = (
					"$(inherited)",
					"@executable_path/Frameworks",
				);
				PRODUCT_BUNDLE_IDENTIFIER = "thanhnguyen.W6-Project1-Gumi";
				PRODUCT_NAME = "$(TARGET_NAME)";
				SWIFT_VERSION = 5.0;
				TARGETED_DEVICE_FAMILY = "1,2";
			};
			name = Release;
		};
/* End XCBuildConfiguration section */

/* Begin XCConfigurationList section */
		843425AE262E82D900F76174 /* Build configuration list for PBXProject "W6-Project1-Gumi" */ = {
			isa = XCConfigurationList;
			buildConfigurations = (
				843425C5262E82DD00F76174 /* Debug */,
				843425C6262E82DD00F76174 /* Release */,
			);
			defaultConfigurationIsVisible = 0;
			defaultConfigurationName = Release;
		};
		843425C7262E82DD00F76174 /* Build configuration list for PBXNativeTarget "W6-Project1-Gumi" */ = {
			isa = XCConfigurationList;
			buildConfigurations = (
				843425C8262E82DD00F76174 /* Debug */,
				843425C9262E82DD00F76174 /* Release */,
			);
			defaultConfigurationIsVisible = 0;
			defaultConfigurationName = Release;
		};
/* End XCConfigurationList section */
	};
	rootObject = 843425AB262E82D900F76174 /* Project object */;
}
